// !$*UTF8*$!
{
	archiveVersion = 1;
	classes = {
	};
	objectVersion = 46;
	objects = {

/* Begin PBXBuildFile section */
		47DB30831DD11375004A570D /* AppDelegate.swift in Sources */ = {isa = PBXBuildFile; fileRef = 47DB30821DD11375004A570D /* AppDelegate.swift */; };
		47DB30881DD11375004A570D /* Main.storyboard in Resources */ = {isa = PBXBuildFile; fileRef = 47DB30861DD11375004A570D /* Main.storyboard */; };
		47DB308A1DD11375004A570D /* Assets.xcassets in Resources */ = {isa = PBXBuildFile; fileRef = 47DB30891DD11375004A570D /* Assets.xcassets */; };
		47DB308D1DD11375004A570D /* LaunchScreen.storyboard in Resources */ = {isa = PBXBuildFile; fileRef = 47DB308B1DD11375004A570D /* LaunchScreen.storyboard */; };
		47DB30951DD1213A004A570D /* BlackJackViewController.swift in Sources */ = {isa = PBXBuildFile; fileRef = 47DB30941DD1213A004A570D /* BlackJackViewController.swift */; };
		47DB30991DD12184004A570D /* APIManager.swift in Sources */ = {isa = PBXBuildFile; fileRef = 47DB30981DD12184004A570D /* APIManager.swift */; };
		47DB309C1DD121D1004A570D /* Card.swift in Sources */ = {isa = PBXBuildFile; fileRef = 47DB309B1DD121D1004A570D /* Card.swift */; };
		47DB309F1DD1331F004A570D /* Deck.swift in Sources */ = {isa = PBXBuildFile; fileRef = 47DB309E1DD1331F004A570D /* Deck.swift */; };
/* End PBXBuildFile section */

/* Begin PBXFileReference section */
		47DB307F1DD11375004A570D /* BlackJack.app */ = {isa = PBXFileReference; explicitFileType = wrapper.application; includeInIndex = 0; path = BlackJack.app; sourceTree = BUILT_PRODUCTS_DIR; };
		47DB30821DD11375004A570D /* AppDelegate.swift */ = {isa = PBXFileReference; lastKnownFileType = sourcecode.swift; path = AppDelegate.swift; sourceTree = "<group>"; };
		47DB30871DD11375004A570D /* Base */ = {isa = PBXFileReference; lastKnownFileType = file.storyboard; name = Base; path = Base.lproj/Main.storyboard; sourceTree = "<group>"; };
		47DB30891DD11375004A570D /* Assets.xcassets */ = {isa = PBXFileReference; lastKnownFileType = folder.assetcatalog; path = Assets.xcassets; sourceTree = "<group>"; };
		47DB308C1DD11375004A570D /* Base */ = {isa = PBXFileReference; lastKnownFileType = file.storyboard; name = Base; path = Base.lproj/LaunchScreen.storyboard; sourceTree = "<group>"; };
		47DB308E1DD11375004A570D /* Info.plist */ = {isa = PBXFileReference; lastKnownFileType = text.plist.xml; path = Info.plist; sourceTree = "<group>"; };
		47DB30941DD1213A004A570D /* BlackJackViewController.swift */ = {isa = PBXFileReference; fileEncoding = 4; lastKnownFileType = sourcecode.swift; path = BlackJackViewController.swift; sourceTree = "<group>"; };
		47DB30981DD12184004A570D /* APIManager.swift */ = {isa = PBXFileReference; fileEncoding = 4; lastKnownFileType = sourcecode.swift; path = APIManager.swift; sourceTree = "<group>"; };
		47DB309B1DD121D1004A570D /* Card.swift */ = {isa = PBXFileReference; fileEncoding = 4; lastKnownFileType = sourcecode.swift; path = Card.swift; sourceTree = "<group>"; };
		47DB309E1DD1331F004A570D /* Deck.swift */ = {isa = PBXFileReference; fileEncoding = 4; lastKnownFileType = sourcecode.swift; path = Deck.swift; sourceTree = "<group>"; };
/* End PBXFileReference section */

/* Begin PBXFrameworksBuildPhase section */
		47DB307C1DD11375004A570D /* Frameworks */ = {
			isa = PBXFrameworksBuildPhase;
			buildActionMask = 2147483647;
			files = (
			);
			runOnlyForDeploymentPostprocessing = 0;
		};
/* End PBXFrameworksBuildPhase section */

/* Begin PBXGroup section */
		47DB30761DD11375004A570D = {
			isa = PBXGroup;
			children = (
				47DB30811DD11375004A570D /* BlackJack */,
				47DB30801DD11375004A570D /* Products */,
			);
			sourceTree = "<group>";
		};
		47DB30801DD11375004A570D /* Products */ = {
			isa = PBXGroup;
			children = (
				47DB307F1DD11375004A570D /* BlackJack.app */,
			);
			name = Products;
			sourceTree = "<group>";
		};
		47DB30811DD11375004A570D /* BlackJack */ = {
			isa = PBXGroup;
			children = (
				47DB309A1DD12189004A570D /* Network */,
				47DB309D1DD121D5004A570D /* Model */,
				47DB30971DD12179004A570D /* View Controller */,
				47DB30961DD12171004A570D /* Supporting Files */,
			);
			path = BlackJack;
			sourceTree = "<group>";
		};
		47DB30961DD12171004A570D /* Supporting Files */ = {
			isa = PBXGroup;
			children = (
				47DB30821DD11375004A570D /* AppDelegate.swift */,
				47DB30861DD11375004A570D /* Main.storyboard */,
				47DB30891DD11375004A570D /* Assets.xcassets */,
				47DB308B1DD11375004A570D /* LaunchScreen.storyboard */,
				47DB308E1DD11375004A570D /* Info.plist */,
			);
			name = "Supporting Files";
			sourceTree = "<group>";
		};
		47DB30971DD12179004A570D /* View Controller */ = {
			isa = PBXGroup;
			children = (
				47DB30941DD1213A004A570D /* BlackJackViewController.swift */,
			);
			name = "View Controller";
			sourceTree = "<group>";
		};
		47DB309A1DD12189004A570D /* Network */ = {
			isa = PBXGroup;
			children = (
				47DB30981DD12184004A570D /* APIManager.swift */,
			);
			name = Network;
			sourceTree = "<group>";
		};
		47DB309D1DD121D5004A570D /* Model */ = {
			isa = PBXGroup;
			children = (
				47DB309B1DD121D1004A570D /* Card.swift */,
				47DB309E1DD1331F004A570D /* Deck.swift */,
			);
			name = Model;
			sourceTree = "<group>";
		};
/* End PBXGroup section */

/* Begin PBXNativeTarget section */
		47DB307E1DD11375004A570D /* BlackJack */ = {
			isa = PBXNativeTarget;
			buildConfigurationList = 47DB30911DD11375004A570D /* Build configuration list for PBXNativeTarget "BlackJack" */;
			buildPhases = (
				47DB307B1DD11375004A570D /* Sources */,
				47DB307C1DD11375004A570D /* Frameworks */,
				47DB307D1DD11375004A570D /* Resources */,
			);
			buildRules = (
			);
			dependencies = (
			);
			name = BlackJack;
			productName = BlackJack;
			productReference = 47DB307F1DD11375004A570D /* BlackJack.app */;
			productType = "com.apple.product-type.application";
		};
/* End PBXNativeTarget section */

/* Begin PBXProject section */
		47DB30771DD11375004A570D /* Project object */ = {
			isa = PBXProject;
			attributes = {
				LastSwiftUpdateCheck = 0800;
				LastUpgradeCheck = 0800;
				ORGANIZATIONNAME = "Eric Chang";
				TargetAttributes = {
					47DB307E1DD11375004A570D = {
						CreatedOnToolsVersion = 8.0;
						ProvisioningStyle = Automatic;
					};
				};
			};
			buildConfigurationList = 47DB307A1DD11375004A570D /* Build configuration list for PBXProject "BlackJack" */;
			compatibilityVersion = "Xcode 3.2";
			developmentRegion = English;
			hasScannedForEncodings = 0;
			knownRegions = (
				en,
				Base,
			);
			mainGroup = 47DB30761DD11375004A570D;
			productRefGroup = 47DB30801DD11375004A570D /* Products */;
			projectDirPath = "";
			projectRoot = "";
			targets = (
				47DB307E1DD11375004A570D /* BlackJack */,
			);
		};
/* End PBXProject section */

/* Begin PBXResourcesBuildPhase section */
		47DB307D1DD11375004A570D /* Resources */ = {
			isa = PBXResourcesBuildPhase;
			buildActionMask = 2147483647;
			files = (
				47DB308D1DD11375004A570D /* LaunchScreen.storyboard in Resources */,
				47DB308A1DD11375004A570D /* Assets.xcassets in Resources */,
				47DB30881DD11375004A570D /* Main.storyboard in Resources */,
			);
			runOnlyForDeploymentPostprocessing = 0;
		};
/* End PBXResourcesBuildPhase section */

/* Begin PBXSourcesBuildPhase section */
		47DB307B1DD11375004A570D /* Sources */ = {
			isa = PBXSourcesBuildPhase;
			buildActionMask = 2147483647;
			files = (
				47DB30991DD12184004A570D /* APIManager.swift in Sources */,
				47DB30831DD11375004A570D /* AppDelegate.swift in Sources */,
				47DB309F1DD1331F004A570D /* Deck.swift in Sources */,
				47DB30951DD1213A004A570D /* BlackJackViewController.swift in Sources */,
				47DB309C1DD121D1004A570D /* Card.swift in Sources */,
			);
			runOnlyForDeploymentPostprocessing = 0;
		};
/* End PBXSourcesBuildPhase section */

/* Begin PBXVariantGroup section */
		47DB30861DD11375004A570D /* Main.storyboard */ = {
			isa = PBXVariantGroup;
			children = (
				47DB30871DD11375004A570D /* Base */,
			);
			name = Main.storyboard;
			sourceTree = "<group>";
		};
		47DB308B1DD11375004A570D /* LaunchScreen.storyboard */ = {
			isa = PBXVariantGroup;
			children = (
				47DB308C1DD11375004A570D /* Base */,
			);
			name = LaunchScreen.storyboard;
			sourceTree = "<group>";
		};
/* End PBXVariantGroup section */

/* Begin XCBuildConfiguration section */
		47DB308F1DD11375004A570D /* Debug */ = {
			isa = XCBuildConfiguration;
			buildSettings = {
				ALWAYS_SEARCH_USER_PATHS = NO;
				CLANG_ANALYZER_NONNULL = YES;
				CLANG_CXX_LANGUAGE_STANDARD = "gnu++0x";
				CLANG_CXX_LIBRARY = "libc++";
				CLANG_ENABLE_MODULES = YES;
				CLANG_ENABLE_OBJC_ARC = YES;
				CLANG_WARN_BOOL_CONVERSION = YES;
				CLANG_WARN_CONSTANT_CONVERSION = YES;
				CLANG_WARN_DIRECT_OBJC_ISA_USAGE = YES_ERROR;
				CLANG_WARN_DOCUMENTATION_COMMENTS = YES;
				CLANG_WARN_EMPTY_BODY = YES;
				CLANG_WARN_ENUM_CONVERSION = YES;
				CLANG_WARN_INFINITE_RECURSION = YES;
				CLANG_WARN_INT_CONVERSION = YES;
				CLANG_WARN_OBJC_ROOT_CLASS = YES_ERROR;
				CLANG_WARN_SUSPICIOUS_MOVES = YES;
				CLANG_WARN_UNREACHABLE_CODE = YES;
				CLANG_WARN__DUPLICATE_METHOD_MATCH = YES;
				"CODE_SIGN_IDENTITY[sdk=iphoneos*]" = "iPhone Developer";
				COPY_PHASE_STRIP = NO;
				DEBUG_INFORMATION_FORMAT = dwarf;
				ENABLE_STRICT_OBJC_MSGSEND = YES;
				ENABLE_TESTABILITY = YES;
				GCC_C_LANGUAGE_STANDARD = gnu99;
				GCC_DYNAMIC_NO_PIC = NO;
				GCC_NO_COMMON_BLOCKS = YES;
				GCC_OPTIMIZATION_LEVEL = 0;
				GCC_PREPROCESSOR_DEFINITIONS = (
					"DEBUG=1",
					"$(inherited)",
				);
				GCC_WARN_64_TO_32_BIT_CONVERSION = YES;
				GCC_WARN_ABOUT_RETURN_TYPE = YES_ERROR;
				GCC_WARN_UNDECLARED_SELECTOR = YES;
				GCC_WARN_UNINITIALIZED_AUTOS = YES_AGGRESSIVE;
				GCC_WARN_UNUSED_FUNCTION = YES;
				GCC_WARN_UNUSED_VARIABLE = YES;
				IPHONEOS_DEPLOYMENT_TARGET = 10.0;
				MTL_ENABLE_DEBUG_INFO = YES;
				ONLY_ACTIVE_ARCH = YES;
				SDKROOT = iphoneos;
				SWIFT_ACTIVE_COMPILATION_CONDITIONS = DEBUG;
				SWIFT_OPTIMIZATION_LEVEL = "-Onone";
				TARGETED_DEVICE_FAMILY = "1,2";
			};
			name = Debug;
		};
		47DB30901DD11375004A570D /* Release */ = {
			isa = XCBuildConfiguration;
			buildSettings = {
				ALWAYS_SEARCH_USER_PATHS = NO;
				CLANG_ANALYZER_NONNULL = YES;
				CLANG_CXX_LANGUAGE_STANDARD = "gnu++0x";
				CLANG_CXX_LIBRARY = "libc++";
				CLANG_ENABLE_MODULES = YES;
				CLANG_ENABLE_OBJC_ARC = YES;
				CLANG_WARN_BOOL_CONVERSION = YES;
				CLANG_WARN_CONSTANT_CONVERSION = YES;
				CLANG_WARN_DIRECT_OBJC_ISA_USAGE = YES_ERROR;
				CLANG_WARN_DOCUMENTATION_COMMENTS = YES;
				CLANG_WARN_EMPTY_BODY = YES;
				CLANG_WARN_ENUM_CONVERSION = YES;
				CLANG_WARN_INFINITE_RECURSION = YES;
				CLANG_WARN_INT_CONVERSION = YES;
				CLANG_WARN_OBJC_ROOT_CLASS = YES_ERROR;
				CLANG_WARN_SUSPICIOUS_MOVES = YES;
				CLANG_WARN_UNREACHABLE_CODE = YES;
				CLANG_WARN__DUPLICATE_METHOD_MATCH = YES;
				"CODE_SIGN_IDENTITY[sdk=iphoneos*]" = "iPhone Developer";
				COPY_PHASE_STRIP = NO;
				DEBUG_INFORMATION_FORMAT = "dwarf-with-dsym";
				ENABLE_NS_ASSERTIONS = NO;
				ENABLE_STRICT_OBJC_MSGSEND = YES;
				GCC_C_LANGUAGE_STANDARD = gnu99;
				GCC_NO_COMMON_BLOCKS = YES;
				GCC_WARN_64_TO_32_BIT_CONVERSION = YES;
				GCC_WARN_ABOUT_RETURN_TYPE = YES_ERROR;
				GCC_WARN_UNDECLARED_SELECTOR = YES;
				GCC_WARN_UNINITIALIZED_AUTOS = YES_AGGRESSIVE;
				GCC_WARN_UNUSED_FUNCTION = YES;
				GCC_WARN_UNUSED_VARIABLE = YES;
				IPHONEOS_DEPLOYMENT_TARGET = 10.0;
				MTL_ENABLE_DEBUG_INFO = NO;
				SDKROOT = iphoneos;
				SWIFT_OPTIMIZATION_LEVEL = "-Owholemodule";
				TARGETED_DEVICE_FAMILY = "1,2";
				VALIDATE_PRODUCT = YES;
			};
			name = Release;
		};
		47DB30921DD11375004A570D /* Debug */ = {
			isa = XCBuildConfiguration;
			buildSettings = {
				ASSETCATALOG_COMPILER_APPICON_NAME = AppIcon;
				INFOPLIST_FILE = BlackJack/Info.plist;
				LD_RUNPATH_SEARCH_PATHS = "$(inherited) @executable_path/Frameworks";
				PRODUCT_BUNDLE_IDENTIFIER = Ericchang.BlackJack;
				PRODUCT_NAME = "$(TARGET_NAME)";
				SWIFT_VERSION = 3.0;
			};
			name = Debug;
		};
		47DB30931DD11375004A570D /* Release */ = {
			isa = XCBuildConfiguration;
			buildSettings = {
				ASSETCATALOG_COMPILER_APPICON_NAME = AppIcon;
				INFOPLIST_FILE = BlackJack/Info.plist;
				LD_RUNPATH_SEARCH_PATHS = "$(inherited) @executable_path/Frameworks";
				PRODUCT_BUNDLE_IDENTIFIER = Ericchang.BlackJack;
				PRODUCT_NAME = "$(TARGET_NAME)";
				SWIFT_VERSION = 3.0;
			};
			name = Release;
		};
/* End XCBuildConfiguration section */

/* Begin XCConfigurationList section */
		47DB307A1DD11375004A570D /* Build configuration list for PBXProject "BlackJack" */ = {
			isa = XCConfigurationList;
			buildConfigurations = (
				47DB308F1DD11375004A570D /* Debug */,
				47DB30901DD11375004A570D /* Release */,
			);
			defaultConfigurationIsVisible = 0;
			defaultConfigurationName = Release;
		};
		47DB30911DD11375004A570D /* Build configuration list for PBXNativeTarget "BlackJack" */ = {
			isa = XCConfigurationList;
			buildConfigurations = (
				47DB30921DD11375004A570D /* Debug */,
				47DB30931DD11375004A570D /* Release */,
			);
			defaultConfigurationIsVisible = 0;
		};
/* End XCConfigurationList section */
	};
	rootObject = 47DB30771DD11375004A570D /* Project object */;
}
